{
  "nodes": {
    "crane": {
      "locked": {
        "lastModified": 1727060013,
        "narHash": "sha256-/fC5YlJy4IoAW9GhkJiwyzk0K/gQd9Qi4rRcoweyG9E=",
        "owner": "ipetkov",
        "repo": "crane",
        "rev": "6b40cc876c929bfe1e3a24bf538ce3b5622646ba",
        "type": "github"
      },
      "original": {
        "owner": "ipetkov",
        "repo": "crane",
        "type": "github"
      }
    },
    "flakelight": {
      "inputs": {
        "nixpkgs": [
          "nixpkgs"
        ]
      },
      "locked": {
        "lastModified": 1730119299,
        "narHash": "sha256-dqI461waVG9UGhThjB1dMo+D2ykeiGIvthWE/belGS8=",
        "owner": "nix-community",
        "repo": "flakelight",
        "rev": "566fbde51a8129aa6e011988ca7eee1a80525da4",
        "type": "github"
      },
      "original": {
        "owner": "nix-community",
        "repo": "flakelight",
        "type": "github"
      }
    },
    "mill-scale": {
      "inputs": {
        "crane": "crane",
        "flakelight": [
          "flakelight"
        ],
        "rust-overlay": "rust-overlay"
      },
      "locked": {
        "lastModified": 1729438560,
        "narHash": "sha256-tVsGuad1QIoDJlM8aI3jJD5coG9Xgn2RYr+qgbeOzEU=",
        "owner": "icewind1991",
        "repo": "mill-scale",
        "rev": "25737430ec43c29beb2158f1179983824161161a",
        "type": "github"
      },
      "original": {
        "owner": "icewind1991",
        "repo": "mill-scale",
        "type": "github"
      }
    },
    "nixpkgs": {
      "locked": {
        "lastModified": 1730137625,
        "narHash": "sha256-9z8oOgFZiaguj+bbi3k4QhAD6JabWrnv7fscC/mt0KE=",
        "owner": "NixOS",
        "repo": "nixpkgs",
        "rev": "64b80bfb316b57cdb8919a9110ef63393d74382a",
        "type": "github"
      },
      "original": {
        "id": "nixpkgs",
        "ref": "nixos-24.05",
        "type": "indirect"
      }
    },
    "root": {
      "inputs": {
        "flakelight": "flakelight",
        "mill-scale": "mill-scale",
        "nixpkgs": "nixpkgs"
      }
    },
    "rust-overlay": {
      "inputs": {
        "nixpkgs": [
          "mill-scale",
          "flakelight",
          "nixpkgs"
        ]
      },
      "locked": {
        "lastModified": 1727058553,
        "narHash": "sha256-tY/UU3Qk5gP/J0uUM4DZ6wo4arNLGAVqLKBotILykfQ=",
        "owner": "oxalica",
        "repo": "rust-overlay",
        "rev": "edc5b0f896170f07bd39ad59d6186fcc7859bbb2",
        "type": "github"
      },
      "original": {
        "owner": "oxalica",
        "repo": "rust-overlay",
        "type": "github"
      }
    }
  },
  "root": "root",
  "version": 7
}
